
Microsoft Visual Studio Solution File, Format Version 12.00
# Visual Studio Version 17
VisualStudioVersion = 17.11.35219.272
MinimumVisualStudioVersion = 10.0.40219.1
Project("{FAE04EC0-301F-11D3-BF4B-00C04F79EFBC}") = "LoanCalculatorAPI", "LoanCalculatorAPI\LoanCalculatorAPI.csproj", "{D85552F9-91AC-4ACD-8898-7F444E2ACF3B}"
EndProject
Project("{FAE04EC0-301F-11D3-BF4B-00C04F79EFBC}") = "DataAccessLayer", "DataAccessLayer\DataAccessLayer.csproj", "{7FF02F17-BCB6-46AC-8A4F-CF63EE84626B}"
EndProject
Project("{FAE04EC0-301F-11D3-BF4B-00C04F79EFBC}") = "BusinessLogicLayer", "BusinessLogicLayer\BusinessLogicLayer.csproj", "{66705773-93F0-45BA-8F40-52EF93A73F7D}"
EndProject
Global
	GlobalSection(SolutionConfigurationPlatforms) = preSolution
		Debug|Any CPU = Debug|Any CPU
		Release|Any CPU = Release|Any CPU
	EndGlobalSection
	GlobalSection(ProjectConfigurationPlatforms) = postSolution
		{D85552F9-91AC-4ACD-8898-7F444E2ACF3B}.Debug|Any CPU.ActiveCfg = Debug|Any CPU
		{D85552F9-91AC-4ACD-8898-7F444E2ACF3B}.Debug|Any CPU.Build.0 = Debug|Any CPU
		{D85552F9-91AC-4ACD-8898-7F444E2ACF3B}.Release|Any CPU.ActiveCfg = Release|Any CPU
		{D85552F9-91AC-4ACD-8898-7F444E2ACF3B}.Release|Any CPU.Build.0 = Release|Any CPU
		{7FF02F17-BCB6-46AC-8A4F-CF63EE84626B}.Debug|Any CPU.ActiveCfg = Debug|Any CPU
		{7FF02F17-BCB6-46AC-8A4F-CF63EE84626B}.Debug|Any CPU.Build.0 = Debug|Any CPU
		{7FF02F17-BCB6-46AC-8A4F-CF63EE84626B}.Release|Any CPU.ActiveCfg = Release|Any CPU
		{7FF02F17-BCB6-46AC-8A4F-CF63EE84626B}.Release|Any CPU.Build.0 = Release|Any CPU
		{66705773-93F0-45BA-8F40-52EF93A73F7D}.Debug|Any CPU.ActiveCfg = Debug|Any CPU
		{66705773-93F0-45BA-8F40-52EF93A73F7D}.Debug|Any CPU.Build.0 = Debug|Any CPU
		{66705773-93F0-45BA-8F40-52EF93A73F7D}.Release|Any CPU.ActiveCfg = Release|Any CPU
		{66705773-93F0-45BA-8F40-52EF93A73F7D}.Release|Any CPU.Build.0 = Release|Any CPU
	EndGlobalSection
	GlobalSection(SolutionProperties) = preSolution
		HideSolutionNode = FALSE
	EndGlobalSection
	GlobalSection(ExtensibilityGlobals) = postSolution
		SolutionGuid = {1256906F-EE8E-4719-B155-1CF877F8FBEB}
	EndGlobalSection
EndGlobal
